<?xml version='1.0' encoding='utf-8'?>
<Solution>
  <Configurations>
    <Platform Name="x64" />
    <Platform Name="x86" />
  </Configurations>

  <Project Path="FNA/FNA.csproj" Id="35253ce1-c864-4cd3-8249-4d1319748e8f">
    <Platform Solution="*|x64" Project="x64" />
    <Platform Solution="*|x86" Project="x86" />
  </Project>
  <Folder Name="/indie-game-archive/">
    <Project Path="D:/downloads/indie-game-downloads/Vampire Slayer FPS (World) (XBLIG)/VampireFPS.csproj" />
  </Folder>
</Solution>