
<Solution>
  <Configurations>
    <Platform Name="Any CPU" />
    <Platform Name="x64" />
    <Platform Name="x86" />
  </Configurations>
  <Folder Name="/Content-References/">
    <Project Path="Content-References/FNA.Contents.csproj">
      <Platform Solution="*|x64" Project="x64" />
      <Platform Solution="*|x86" Project="x86" />
      <Platform Solution="Debug|Any CPU" Project="x64" />
    </Project>
    <Project Path="FNA.NetStub/FNA.NetStub.csproj" Id="f5328b35-f276-4157-9b69-e06d527c689b">
      <Platform Solution="*|x64" Project="x64" />
      <Platform Solution="*|x86" Project="x86" />
    </Project>
    <Project Path="FNA/FNA.Core.csproj">
      <Platform Solution="*|x64" Project="x64" />
      <Platform Solution="*|x86" Project="x86" />
    </Project>
    <Project Path="FNA/FNA.csproj" Id="35253ce1-c864-4cd3-8249-4d1319748e8f">
      <Platform Solution="*|x64" Project="x64" />
      <Platform Solution="*|x86" Project="x86" />
    </Project>
    <Project Path="FNA/FNA.NetFramework.csproj">
      <Platform Solution="*|x64" Project="x64" />
      <Platform Solution="*|x86" Project="x86" />
    </Project>
    <Project Path="FNA/FNA.NetStandard.csproj">
      <Platform Solution="*|x64" Project="x64" />
      <Platform Solution="*|x86" Project="x86" />
    </Project>
    <Project Path="monogame/MonoGame.Framework/MonoGame.Framework.DesktopGL.csproj">
      <Platform Solution="*|x64" Project="x64" />
      <Platform Solution="*|x86" Project="x86" />
    </Project>
    <Project Path="monogame/MonoGame.Framework/MonoGame.Framework.WindowsDX.csproj">
      <Platform Solution="*|x64" Project="x64" />
      <Platform Solution="*|x86" Project="x86" />
    </Project>
  </Folder>
  <Folder Name="/indie-game-archive/">
    <Project Path="D:/downloads/indie-game-downloads/Astro Cluster (World) (XBLIG)/Astro Cluster (World) (XBLIG).csproj">
      <Platform Solution="Debug|x64" Project="x64" />
      <Platform Solution="Debug|x86" Project="x64" />
      <Platform Solution="Release|x86" Project="x86" />
    </Project>
    <Project Path="D:/downloads/indie-game-downloads/21 Ball Snooker Champion (World) (XBLIG)/21 Ball Snooker Champion (World) (XBLIG).csproj">
      <Platform Solution="*|x86" Project="x86" />
      <Platform Solution="Debug|x64" Project="x64" />
    </Project>
    <Project Path="D:/downloads/indie-game-downloads/2 JAWSOME (World) (XBLIG)/2 JAWSOME (World) (XBLIG).csproj">
      <Platform Solution="*|x86" Project="x86" />
      <Platform Solution="Debug|x64" Project="x64" />
    </Project>
    <Project Path="D:/downloads/indie-game-downloads/3D Stereo Studio (World) (XBLIG)/3D Stereo Studio (World) (XBLIG).csproj">
      <Platform Solution="*|x86" Project="x86" />
      <Platform Solution="Debug|x64" Project="x64" />
    </Project>
    <Project Path="D:/downloads/indie-game-downloads/2D House of Terror (World) (XBLIG)/2D House of Terror (World) (XBLIG).csproj">
      <Platform Solution="*|x86" Project="x86" />
    </Project>
    <Project Path="D:/downloads/indie-game-downloads/Astralis (World) (XBLIG)/Astralis (World) (XBLIG).csproj">
      <Platform Solution="*|x86" Project="x86" />
      <Platform Solution="Debug|x64" Project="x64" />
    </Project>
    <Project Path="D:/downloads/indie-game-downloads/Ask Angela! (World) (XBLIG)/Ask Angela! (World) (XBLIG).csproj">
      <Platform Solution="Debug|x64" Project="x64" />
    </Project>
    <Project Path="D:/downloads/indie-game-downloads/Big Tidy Up (World) (XBLIG)/Big Tidy Up (World) (XBLIG).csproj">
      <Platform Solution="Debug|x64" Project="x64" />
    </Project>
    <Project Path="D:/downloads/indie-game-downloads/Arcade Snake (World) (XBLIG)/Arcade Snake (World) (XBLIG).csproj">
      <Platform Solution="Debug|x64" Project="x64" />
    </Project>
    <Project Path="D:/downloads/indie-game-downloads/Advance (World) (XBLIG)/Advance (World) (XBLIG).csproj">
      <Platform Solution="Debug|x64" Project="x64" />
    </Project>
    <Project Path="D:/downloads/indie-game-downloads/Adamant Ants (World) (XBLIG)/Adamant Ants (World) (XBLIG).csproj">
      <Platform Solution="Debug|x64" Project="x64" />
    </Project>
    <Project Path="D:/downloads/indie-game-downloads/Aquarium HD (World) (XBLIG)/Aquarium HD (World) (XBLIG).csproj">
      <Platform Solution="Debug|x64" Project="x64" />
    </Project>
  </Folder>
  <Folder Name="/Solution Items/">
    <File Path="global.json" />
  </Folder>
  <Folder Name="/Reference-Projects/">
    <Project Path="D:/downloads/indie-game-downloads/21 Ball Snooker Champion (World) (XBLIG)/LibMaximinus.csproj">
      <Platform Solution="*|x86" Project="x86" />
    </Project>
    <Project Path="D:/downloads/indie-game-downloads/21 Ball Snooker Champion (World) (XBLIG)/MaximinusDataTypes.csproj">
      <Platform Solution="*|x86" Project="x86" />
      <Platform Solution="Debug|x64" Project="x64" />
    </Project>
    <Project Path="D:/downloads/indie-game-downloads/2 JAWSOME (World) (XBLIG)/BoxCollider.csproj">
      <Platform Solution="*|x86" Project="x86" />
      <Platform Solution="Debug|x64" Project="x64" />
    </Project>
    <Project Path="D:/downloads/indie-game-downloads/Astralis (World) (XBLIG)/Audio.csproj">
      <Platform Solution="*|x86" Project="x86" />
    </Project>
    <Project Path="D:/downloads/indie-game-downloads/Astralis (World) (XBLIG)/BEPUphysics.csproj">
      <Platform Solution="*|x86" Project="x86" />
    </Project>
    <Project Path="D:/downloads/indie-game-downloads/Astralis (World) (XBLIG)/BEPUphysicsDrawer.csproj">
      <Platform Solution="*|x86" Project="x86" />
    </Project>
    <Project Path="D:/downloads/indie-game-downloads/Astralis (World) (XBLIG)/BEPUutilities.csproj">
      <Platform Solution="*|x86" Project="x86" />
    </Project>
    <Project Path="D:/downloads/indie-game-downloads/Astralis (World) (XBLIG)/Core.csproj">
      <Platform Solution="*|x86" Project="x86" />
    </Project>
    <Project Path="D:/downloads/indie-game-downloads/Astralis (World) (XBLIG)/EasyStorage.csproj">
      <Platform Solution="*|x86" Project="x86" />
    </Project>
    <Project Path="D:/downloads/indie-game-downloads/Astralis (World) (XBLIG)/EasyStorage.resources.csproj">
      <Platform Solution="*|x86" Project="x86" />
    </Project>
    <Project Path="D:/downloads/indie-game-downloads/Astralis (World) (XBLIG)/Editor.csproj">
      <Platform Solution="*|x86" Project="x86" />
    </Project>
    <Project Path="D:/downloads/indie-game-downloads/Astralis (World) (XBLIG)/Entities.csproj">
      <Platform Solution="*|x86" Project="x86" />
    </Project>
    <Project Path="D:/downloads/indie-game-downloads/Astralis (World) (XBLIG)/ForceFeedback.csproj">
      <Platform Solution="*|x86" Project="x86" />
    </Project>
    <Project Path="D:/downloads/indie-game-downloads/Astralis (World) (XBLIG)/Gameplay.csproj">
      <Platform Solution="*|x86" Project="x86" />
    </Project>
    <Project Path="D:/downloads/indie-game-downloads/Astralis (World) (XBLIG)/Graphics.csproj">
      <Platform Solution="*|x86" Project="x86" />
    </Project>
    <Project Path="D:/downloads/indie-game-downloads/Astralis (World) (XBLIG)/GUI.csproj">
      <Platform Solution="*|x86" Project="x86" />
    </Project>
    <Project Path="D:/downloads/indie-game-downloads/Astralis (World) (XBLIG)/Input.csproj">
      <Platform Solution="*|x86" Project="x86" />
    </Project>
    <Project Path="D:/downloads/indie-game-downloads/Astralis (World) (XBLIG)/RenderTree.csproj">
      <Platform Solution="*|x86" Project="x86" />
    </Project>
    <Project Path="D:/downloads/indie-game-downloads/Astralis (World) (XBLIG)/Settings.csproj">
      <Platform Solution="*|x86" Project="x86" />
    </Project>
    <Project Path="D:/downloads/indie-game-downloads/Air War (World) (XBLIG)/Alchemist (World) (XBLIG).csproj" />
    <Project Path="D:/downloads/indie-game-downloads/Ask Angela! (World) (XBLIG)/TAS.XNA.Common.csproj" />
    <Project Path="D:/downloads/indie-game-downloads/Big Tidy Up (World) (XBLIG)/DreamEngine.csproj" />
    <Project Path="D:/downloads/indie-game-downloads/Big Tidy Up (World) (XBLIG)/SpriteSheetRuntime.csproj" />
    <Project Path="indie-game-archive/2176 Supernova Storm (World) (XBLIG)/system.xml.csproj">
      <Platform Solution="*|x86" Project="x86" />
    </Project>
    <Project Path="indie-game-archive/Lunar Panda Deluxe (World) (XBLIG)/GameLibrary.csproj">
      <Platform Solution="*|x86" Project="x86" />
      <Platform Solution="Debug|x64" Project="x64" />
    </Project>
  </Folder>
</Solution>