
Microsoft Visual Studio Solution File, Format Version 12.00
# Visual Studio Version 18
VisualStudioVersion = 18.9.12112.369 stable
MinimumVisualStudioVersion = 10.0.40219.1
Project("{FAE04EC0-301F-11D3-BF4B-00C04F79EFBC}") = "Indie-Game-Launcher", "Indie-Game-Launcher.csproj", "{DB401B22-7C84-435E-BDF5-DF0A57EAAEEE}"
EndProject
Project("{9A19103F-16F7-4668-BE54-9A1E7A4F7556}") = "WorldAmbiance", "D:\downloads\XBLIG\Ambient Travels (World) (XBLIG)\584E07D2\00000002\decompiled\WorldAmbiance.csproj", "{86E04CA9-3840-2E0A-A4D4-6210623560F0}"
EndProject
Project("{9A19103F-16F7-4668-BE54-9A1E7A4F7556}") = "amProject", "D:\downloads\XBLIG\Ambient Water (World) (XBLIG)\584E07D2\00000002\decompiled\amProject.csproj", "{1AC3BCE1-BA98-5F63-288F-16B6AD8BC237}"
EndProject
Project("{9A19103F-16F7-4668-BE54-9A1E7A4F7556}") = "RenegadeEngine", "D:\downloads\XBLIG\Ambiance (World) (XBLIG)\584E07D2\00000002\decompiled\RenegadeEngine.csproj", "{E3417B14-0802-817C-572B-365756BDD892}"
EndProject
Project("{9A19103F-16F7-4668-BE54-9A1E7A4F7556}") = "BloodandBacon", "D:\downloads\XBLIG\BLOOD&BACON (World) (XBLIG)\584E07D2\00000002\decompiled\BloodandBacon.csproj", "{39384A3B-0444-5172-8C76-B68D349D777D}"
EndProject
Project("{9A19103F-16F7-4668-BE54-9A1E7A4F7556}") = "Massive Cleavage vs Zombies", "D:\downloads\decompiled\Massive Cleavage vs Zombies (World) (XBLIG)\Massive Cleavage vs Zombies.csproj", "{4E97537C-7E87-D472-9728-12CAB624A692}"
EndProject
Project("{2150E333-8FDC-42A3-9474-1A3956D46DE8}") = "indie-game-archive", "indie-game-archive", "{533452C5-B465-401D-AF19-81C6BFC31744}"
EndProject
Project("{9A19103F-16F7-4668-BE54-9A1E7A4F7556}") = "Contents", "..\..\..\..\..\xnb-extractor-fna\Content-References\Contents.csproj", "{D17366EB-1CC3-C5CA-BA3D-905761EBAB4F}"
EndProject
Global
	GlobalSection(SolutionConfigurationPlatforms) = preSolution
		Debug|Any CPU = Debug|Any CPU
		Debug|x64 = Debug|x64
		Debug|x86 = Debug|x86
		Release|Any CPU = Release|Any CPU
		Release|x64 = Release|x64
		Release|x86 = Release|x86
	EndGlobalSection
	GlobalSection(ProjectConfigurationPlatforms) = postSolution
		{DB401B22-7C84-435E-BDF5-DF0A57EAAEEE}.Debug|Any CPU.ActiveCfg = Debug|Any CPU
		{DB401B22-7C84-435E-BDF5-DF0A57EAAEEE}.Debug|Any CPU.Build.0 = Debug|Any CPU
		{DB401B22-7C84-435E-BDF5-DF0A57EAAEEE}.Debug|x64.ActiveCfg = Debug|x64
		{DB401B22-7C84-435E-BDF5-DF0A57EAAEEE}.Debug|x64.Build.0 = Debug|x64
		{DB401B22-7C84-435E-BDF5-DF0A57EAAEEE}.Debug|x86.ActiveCfg = Debug|x86
		{DB401B22-7C84-435E-BDF5-DF0A57EAAEEE}.Debug|x86.Build.0 = Debug|x86
		{DB401B22-7C84-435E-BDF5-DF0A57EAAEEE}.Release|Any CPU.ActiveCfg = Release|Any CPU
		{DB401B22-7C84-435E-BDF5-DF0A57EAAEEE}.Release|Any CPU.Build.0 = Release|Any CPU
		{DB401B22-7C84-435E-BDF5-DF0A57EAAEEE}.Release|x64.ActiveCfg = Release|x64
		{DB401B22-7C84-435E-BDF5-DF0A57EAAEEE}.Release|x64.Build.0 = Release|x64
		{DB401B22-7C84-435E-BDF5-DF0A57EAAEEE}.Release|x86.ActiveCfg = Release|x86
		{DB401B22-7C84-435E-BDF5-DF0A57EAAEEE}.Release|x86.Build.0 = Release|x86
		{86E04CA9-3840-2E0A-A4D4-6210623560F0}.Debug|Any CPU.ActiveCfg = Debug|Any CPU
		{86E04CA9-3840-2E0A-A4D4-6210623560F0}.Debug|Any CPU.Build.0 = Debug|Any CPU
		{86E04CA9-3840-2E0A-A4D4-6210623560F0}.Debug|x64.ActiveCfg = Debug|x64
		{86E04CA9-3840-2E0A-A4D4-6210623560F0}.Debug|x64.Build.0 = Debug|x64
		{86E04CA9-3840-2E0A-A4D4-6210623560F0}.Debug|x86.ActiveCfg = Debug|x86
		{86E04CA9-3840-2E0A-A4D4-6210623560F0}.Debug|x86.Build.0 = Debug|x86
		{86E04CA9-3840-2E0A-A4D4-6210623560F0}.Release|Any CPU.ActiveCfg = Release|Any CPU
		{86E04CA9-3840-2E0A-A4D4-6210623560F0}.Release|Any CPU.Build.0 = Release|Any CPU
		{86E04CA9-3840-2E0A-A4D4-6210623560F0}.Release|x64.ActiveCfg = Release|x64
		{86E04CA9-3840-2E0A-A4D4-6210623560F0}.Release|x64.Build.0 = Release|x64
		{86E04CA9-3840-2E0A-A4D4-6210623560F0}.Release|x86.ActiveCfg = Release|x86
		{86E04CA9-3840-2E0A-A4D4-6210623560F0}.Release|x86.Build.0 = Release|x86
		{1AC3BCE1-BA98-5F63-288F-16B6AD8BC237}.Debug|Any CPU.ActiveCfg = Debug|Any CPU
		{1AC3BCE1-BA98-5F63-288F-16B6AD8BC237}.Debug|Any CPU.Build.0 = Debug|Any CPU
		{1AC3BCE1-BA98-5F63-288F-16B6AD8BC237}.Debug|x64.ActiveCfg = Debug|x64
		{1AC3BCE1-BA98-5F63-288F-16B6AD8BC237}.Debug|x64.Build.0 = Debug|x64
		{1AC3BCE1-BA98-5F63-288F-16B6AD8BC237}.Debug|x86.ActiveCfg = Debug|x86
		{1AC3BCE1-BA98-5F63-288F-16B6AD8BC237}.Debug|x86.Build.0 = Debug|x86
		{1AC3BCE1-BA98-5F63-288F-16B6AD8BC237}.Release|Any CPU.ActiveCfg = Release|Any CPU
		{1AC3BCE1-BA98-5F63-288F-16B6AD8BC237}.Release|Any CPU.Build.0 = Release|Any CPU
		{1AC3BCE1-BA98-5F63-288F-16B6AD8BC237}.Release|x64.ActiveCfg = Release|x64
		{1AC3BCE1-BA98-5F63-288F-16B6AD8BC237}.Release|x64.Build.0 = Release|x64
		{1AC3BCE1-BA98-5F63-288F-16B6AD8BC237}.Release|x86.ActiveCfg = Release|x86
		{1AC3BCE1-BA98-5F63-288F-16B6AD8BC237}.Release|x86.Build.0 = Release|x86
		{E3417B14-0802-817C-572B-365756BDD892}.Debug|Any CPU.ActiveCfg = Debug|Any CPU
		{E3417B14-0802-817C-572B-365756BDD892}.Debug|Any CPU.Build.0 = Debug|Any CPU
		{E3417B14-0802-817C-572B-365756BDD892}.Debug|x64.ActiveCfg = Debug|x64
		{E3417B14-0802-817C-572B-365756BDD892}.Debug|x64.Build.0 = Debug|x64
		{E3417B14-0802-817C-572B-365756BDD892}.Debug|x86.ActiveCfg = Debug|x86
		{E3417B14-0802-817C-572B-365756BDD892}.Debug|x86.Build.0 = Debug|x86
		{E3417B14-0802-817C-572B-365756BDD892}.Release|Any CPU.ActiveCfg = Release|Any CPU
		{E3417B14-0802-817C-572B-365756BDD892}.Release|Any CPU.Build.0 = Release|Any CPU
		{E3417B14-0802-817C-572B-365756BDD892}.Release|x64.ActiveCfg = Release|x64
		{E3417B14-0802-817C-572B-365756BDD892}.Release|x64.Build.0 = Release|x64
		{E3417B14-0802-817C-572B-365756BDD892}.Release|x86.ActiveCfg = Release|x86
		{E3417B14-0802-817C-572B-365756BDD892}.Release|x86.Build.0 = Release|x86
		{39384A3B-0444-5172-8C76-B68D349D777D}.Debug|Any CPU.ActiveCfg = Debug|Any CPU
		{39384A3B-0444-5172-8C76-B68D349D777D}.Debug|Any CPU.Build.0 = Debug|Any CPU
		{39384A3B-0444-5172-8C76-B68D349D777D}.Debug|x64.ActiveCfg = Debug|Any CPU
		{39384A3B-0444-5172-8C76-B68D349D777D}.Debug|x64.Build.0 = Debug|Any CPU
		{39384A3B-0444-5172-8C76-B68D349D777D}.Debug|x86.ActiveCfg = Debug|Any CPU
		{39384A3B-0444-5172-8C76-B68D349D777D}.Debug|x86.Build.0 = Debug|Any CPU
		{39384A3B-0444-5172-8C76-B68D349D777D}.Release|Any CPU.ActiveCfg = Release|Any CPU
		{39384A3B-0444-5172-8C76-B68D349D777D}.Release|Any CPU.Build.0 = Release|Any CPU
		{39384A3B-0444-5172-8C76-B68D349D777D}.Release|x64.ActiveCfg = Release|Any CPU
		{39384A3B-0444-5172-8C76-B68D349D777D}.Release|x64.Build.0 = Release|Any CPU
		{39384A3B-0444-5172-8C76-B68D349D777D}.Release|x86.ActiveCfg = Release|Any CPU
		{39384A3B-0444-5172-8C76-B68D349D777D}.Release|x86.Build.0 = Release|Any CPU
		{4E97537C-7E87-D472-9728-12CAB624A692}.Debug|Any CPU.ActiveCfg = Debug|Any CPU
		{4E97537C-7E87-D472-9728-12CAB624A692}.Debug|Any CPU.Build.0 = Debug|Any CPU
		{4E97537C-7E87-D472-9728-12CAB624A692}.Debug|x64.ActiveCfg = Debug|x64
		{4E97537C-7E87-D472-9728-12CAB624A692}.Debug|x64.Build.0 = Debug|x64
		{4E97537C-7E87-D472-9728-12CAB624A692}.Debug|x86.ActiveCfg = Debug|Any CPU
		{4E97537C-7E87-D472-9728-12CAB624A692}.Debug|x86.Build.0 = Debug|Any CPU
		{4E97537C-7E87-D472-9728-12CAB624A692}.Release|Any CPU.ActiveCfg = Release|Any CPU
		{4E97537C-7E87-D472-9728-12CAB624A692}.Release|Any CPU.Build.0 = Release|Any CPU
		{4E97537C-7E87-D472-9728-12CAB624A692}.Release|x64.ActiveCfg = Release|x64
		{4E97537C-7E87-D472-9728-12CAB624A692}.Release|x64.Build.0 = Release|x64
		{4E97537C-7E87-D472-9728-12CAB624A692}.Release|x86.ActiveCfg = Release|Any CPU
		{4E97537C-7E87-D472-9728-12CAB624A692}.Release|x86.Build.0 = Release|Any CPU
		{D17366EB-1CC3-C5CA-BA3D-905761EBAB4F}.Debug|Any CPU.ActiveCfg = Debug|Any CPU
		{D17366EB-1CC3-C5CA-BA3D-905761EBAB4F}.Debug|Any CPU.Build.0 = Debug|Any CPU
		{D17366EB-1CC3-C5CA-BA3D-905761EBAB4F}.Debug|x64.ActiveCfg = Debug|x64
		{D17366EB-1CC3-C5CA-BA3D-905761EBAB4F}.Debug|x64.Build.0 = Debug|x64
		{D17366EB-1CC3-C5CA-BA3D-905761EBAB4F}.Debug|x86.ActiveCfg = Debug|x86
		{D17366EB-1CC3-C5CA-BA3D-905761EBAB4F}.Debug|x86.Build.0 = Debug|x86
		{D17366EB-1CC3-C5CA-BA3D-905761EBAB4F}.Release|Any CPU.ActiveCfg = Release|Any CPU
		{D17366EB-1CC3-C5CA-BA3D-905761EBAB4F}.Release|Any CPU.Build.0 = Release|Any CPU
		{D17366EB-1CC3-C5CA-BA3D-905761EBAB4F}.Release|x64.ActiveCfg = Release|x64
		{D17366EB-1CC3-C5CA-BA3D-905761EBAB4F}.Release|x64.Build.0 = Release|x64
		{D17366EB-1CC3-C5CA-BA3D-905761EBAB4F}.Release|x86.ActiveCfg = Release|x86
		{D17366EB-1CC3-C5CA-BA3D-905761EBAB4F}.Release|x86.Build.0 = Release|x86
	EndGlobalSection
	GlobalSection(SolutionProperties) = preSolution
		HideSolutionNode = FALSE
	EndGlobalSection
	GlobalSection(NestedProjects) = preSolution
		{86E04CA9-3840-2E0A-A4D4-6210623560F0} = {533452C5-B465-401D-AF19-81C6BFC31744}
		{1AC3BCE1-BA98-5F63-288F-16B6AD8BC237} = {533452C5-B465-401D-AF19-81C6BFC31744}
		{E3417B14-0802-817C-572B-365756BDD892} = {533452C5-B465-401D-AF19-81C6BFC31744}
		{39384A3B-0444-5172-8C76-B68D349D777D} = {533452C5-B465-401D-AF19-81C6BFC31744}
		{4E97537C-7E87-D472-9728-12CAB624A692} = {533452C5-B465-401D-AF19-81C6BFC31744}
	EndGlobalSection
	GlobalSection(ExtensibilityGlobals) = postSolution
		SolutionGuid = {330E51B4-01CF-4A25-9D56-9F60670149F5}
	EndGlobalSection
EndGlobal
